
Microsoft Visual Studio Solution File, Format Version 12.00
# Visual Studio Version 17
VisualStudioVersion = 17.11.35303.130
MinimumVisualStudioVersion = 10.0.40219.1
Project("{2150E333-8FDC-42A3-9474-1A3956D46DE8}") = "src", "src", "{7AFAFE79-7BF0-49E6-B66D-9D394E31AD85}"
EndProject
Project("{2150E333-8FDC-42A3-9474-1A3956D46DE8}") = "Core", "Core", "{86FCB740-F8F0-47E2-8381-8D73FE93E2E4}"
EndProject
Project("{9A19103F-16F7-4668-BE54-9A1E7A4F7556}") = "FitnessWorkoutTracker.Domain", "FitnessWorkoutTracker.Domain\FitnessWorkoutTracker.Domain.csproj", "{00A26799-4E94-4E2E-A68A-1EA6463F497B}"
EndProject
Project("{2150E333-8FDC-42A3-9474-1A3956D46DE8}") = "Infrastructure", "Infrastructure", "{88E77C40-20C0-4780-863D-8DE279AB5AC9}"
EndProject
Project("{9A19103F-16F7-4668-BE54-9A1E7A4F7556}") = "FitnessWorkoutTracker.Persistence", "FitnessWorkoutTracker.Persistence\FitnessWorkoutTracker.Persistence.csproj", "{8EBB51F2-F3F7-4313-A977-0ED689C414D8}"
EndProject
Project("{2150E333-8FDC-42A3-9474-1A3956D46DE8}") = "Presentation", "Presentation", "{5D67FF64-08A2-426D-8700-6E888818C49F}"
EndProject
Project("{9A19103F-16F7-4668-BE54-9A1E7A4F7556}") = "FitnessWorkoutTracker.WebAPI", "FitnessWorkoutTracker.WebAPI\FitnessWorkoutTracker.WebAPI.csproj", "{D68CE2EC-237E-4DF8-82AF-9B22DC9A2E4C}"
EndProject
Project("{9A19103F-16F7-4668-BE54-9A1E7A4F7556}") = "FitnessWorkoutTracker.Abstractions", "FitnessWorkoutTracker.Application\FitnessWorkoutTracker.Abstractions.csproj", "{9A5DEE79-5BC1-4517-B605-D9F95058F68F}"
EndProject
Project("{FAE04EC0-301F-11D3-BF4B-00C04F79EFBC}") = "FitnessWorkoutTracker.Shared", "FitnessWorkoutTracker.Shared\FitnessWorkoutTracker.Shared.csproj", "{9159C7AE-FF34-4FE8-B443-28D9783B5909}"
EndProject
Project("{FAE04EC0-301F-11D3-BF4B-00C04F79EFBC}") = "FitnessWorkoutTracker.Services", "FitnessWorkoutTracker.Services\FitnessWorkoutTracker.Services.csproj", "{55578AF9-12D7-46F2-93ED-E8AE1CEE22C8}"
EndProject
Global
	GlobalSection(SolutionConfigurationPlatforms) = preSolution
		Debug|Any CPU = Debug|Any CPU
		Release|Any CPU = Release|Any CPU
	EndGlobalSection
	GlobalSection(ProjectConfigurationPlatforms) = postSolution
		{00A26799-4E94-4E2E-A68A-1EA6463F497B}.Debug|Any CPU.ActiveCfg = Debug|Any CPU
		{00A26799-4E94-4E2E-A68A-1EA6463F497B}.Debug|Any CPU.Build.0 = Debug|Any CPU
		{00A26799-4E94-4E2E-A68A-1EA6463F497B}.Release|Any CPU.ActiveCfg = Release|Any CPU
		{00A26799-4E94-4E2E-A68A-1EA6463F497B}.Release|Any CPU.Build.0 = Release|Any CPU
		{8EBB51F2-F3F7-4313-A977-0ED689C414D8}.Debug|Any CPU.ActiveCfg = Debug|Any CPU
		{8EBB51F2-F3F7-4313-A977-0ED689C414D8}.Debug|Any CPU.Build.0 = Debug|Any CPU
		{8EBB51F2-F3F7-4313-A977-0ED689C414D8}.Release|Any CPU.ActiveCfg = Release|Any CPU
		{8EBB51F2-F3F7-4313-A977-0ED689C414D8}.Release|Any CPU.Build.0 = Release|Any CPU
		{D68CE2EC-237E-4DF8-82AF-9B22DC9A2E4C}.Debug|Any CPU.ActiveCfg = Debug|Any CPU
		{D68CE2EC-237E-4DF8-82AF-9B22DC9A2E4C}.Debug|Any CPU.Build.0 = Debug|Any CPU
		{D68CE2EC-237E-4DF8-82AF-9B22DC9A2E4C}.Release|Any CPU.ActiveCfg = Release|Any CPU
		{D68CE2EC-237E-4DF8-82AF-9B22DC9A2E4C}.Release|Any CPU.Build.0 = Release|Any CPU
		{9A5DEE79-5BC1-4517-B605-D9F95058F68F}.Debug|Any CPU.ActiveCfg = Debug|Any CPU
		{9A5DEE79-5BC1-4517-B605-D9F95058F68F}.Debug|Any CPU.Build.0 = Debug|Any CPU
		{9A5DEE79-5BC1-4517-B605-D9F95058F68F}.Release|Any CPU.ActiveCfg = Release|Any CPU
		{9A5DEE79-5BC1-4517-B605-D9F95058F68F}.Release|Any CPU.Build.0 = Release|Any CPU
		{9159C7AE-FF34-4FE8-B443-28D9783B5909}.Debug|Any CPU.ActiveCfg = Debug|Any CPU
		{9159C7AE-FF34-4FE8-B443-28D9783B5909}.Debug|Any CPU.Build.0 = Debug|Any CPU
		{9159C7AE-FF34-4FE8-B443-28D9783B5909}.Release|Any CPU.ActiveCfg = Release|Any CPU
		{9159C7AE-FF34-4FE8-B443-28D9783B5909}.Release|Any CPU.Build.0 = Release|Any CPU
		{55578AF9-12D7-46F2-93ED-E8AE1CEE22C8}.Debug|Any CPU.ActiveCfg = Debug|Any CPU
		{55578AF9-12D7-46F2-93ED-E8AE1CEE22C8}.Debug|Any CPU.Build.0 = Debug|Any CPU
		{55578AF9-12D7-46F2-93ED-E8AE1CEE22C8}.Release|Any CPU.ActiveCfg = Release|Any CPU
		{55578AF9-12D7-46F2-93ED-E8AE1CEE22C8}.Release|Any CPU.Build.0 = Release|Any CPU
	EndGlobalSection
	GlobalSection(SolutionProperties) = preSolution
		HideSolutionNode = FALSE
	EndGlobalSection
	GlobalSection(NestedProjects) = preSolution
		{86FCB740-F8F0-47E2-8381-8D73FE93E2E4} = {7AFAFE79-7BF0-49E6-B66D-9D394E31AD85}
		{00A26799-4E94-4E2E-A68A-1EA6463F497B} = {86FCB740-F8F0-47E2-8381-8D73FE93E2E4}
		{88E77C40-20C0-4780-863D-8DE279AB5AC9} = {7AFAFE79-7BF0-49E6-B66D-9D394E31AD85}
		{8EBB51F2-F3F7-4313-A977-0ED689C414D8} = {88E77C40-20C0-4780-863D-8DE279AB5AC9}
		{5D67FF64-08A2-426D-8700-6E888818C49F} = {7AFAFE79-7BF0-49E6-B66D-9D394E31AD85}
		{D68CE2EC-237E-4DF8-82AF-9B22DC9A2E4C} = {5D67FF64-08A2-426D-8700-6E888818C49F}
		{9A5DEE79-5BC1-4517-B605-D9F95058F68F} = {86FCB740-F8F0-47E2-8381-8D73FE93E2E4}
		{55578AF9-12D7-46F2-93ED-E8AE1CEE22C8} = {86FCB740-F8F0-47E2-8381-8D73FE93E2E4}
	EndGlobalSection
	GlobalSection(ExtensibilityGlobals) = postSolution
		SolutionGuid = {CD17D607-3E52-4DF5-81C2-6EC2C4326FB7}
	EndGlobalSection
EndGlobal
